{
    "psr/cache": {
        "version": "1.0.1"
    },
    "psr/container": {
        "version": "1.0.0"
    },
    "symfony/config": {
        "version": "v4.2.3"
    },
    "symfony/contracts": {
        "version": "v1.0.2"
    },
    "symfony/dependency-injection": {
        "version": "v4.2.3"
    },
    "symfony/dotenv": {
        "version": "v4.2.3"
    },
    "symfony/filesystem": {
        "version": "v4.2.3"
    },
    "symfony/flex": {
        "version": "1.0",
        "recipe": {
            "repo": "github.com/symfony/recipes",
            "branch": "master",
            "version": "1.0",
            "ref": "dc3fc2e0334a4137c47cfd5a3ececc601fa61a0b"
        },
        "files": [
            ".env"
        ]
    },
    "symfony/http-foundation": {
        "version": "v4.2.3"
    },
    "symfony/polyfill-ctype": {
        "version": "v1.10.0"
    },
    "symfony/polyfill-mbstring": {
        "version": "v1.10.0"
    },
    "symfony/routing": {
        "version": "4.2",
        "recipe": {
            "repo": "github.com/symfony/recipes",
            "branch": "master",
            "version": "4.2",
            "ref": "5374e24d508ba8fd6ba9eb15170255fdb778316a"
        },
        "files": [
            "config/packages/dev/routing.yaml",
            "config/packages/routing.yaml",
            "config/packages/test/routing.yaml",
            "config/routes.yaml"
        ]
    },
    "symfony/yaml": {
        "version": "v4.2.3"
    }
}
